
Microsoft Visual Studio Solution File, Format Version 12.00
# Visual Studio Version 17
VisualStudioVersion = 17.9.34622.214
MinimumVisualStudioVersion = 10.0.40219.1
Project("{FAE04EC0-301F-11D3-BF4B-00C04F79EFBC}") = "RPG_Notes", "RPG_Notes\RPG_Notes.csproj", "{CE9E66C4-A37F-499D-84EA-EAA0786A780A}"
EndProject
Global
	GlobalSection(SolutionConfigurationPlatforms) = preSolution
		Debug|Any CPU = Debug|Any CPU
		Release|Any CPU = Release|Any CPU
	EndGlobalSection
	GlobalSection(ProjectConfigurationPlatforms) = postSolution
		{CE9E66C4-A37F-499D-84EA-EAA0786A780A}.Debug|Any CPU.ActiveCfg = Debug|Any CPU
		{CE9E66C4-A37F-499D-84EA-EAA0786A780A}.Debug|Any CPU.Build.0 = Debug|Any CPU
		{CE9E66C4-A37F-499D-84EA-EAA0786A780A}.Release|Any CPU.ActiveCfg = Release|Any CPU
		{CE9E66C4-A37F-499D-84EA-EAA0786A780A}.Release|Any CPU.Build.0 = Release|Any CPU
	EndGlobalSection
	GlobalSection(SolutionProperties) = preSolution
		HideSolutionNode = FALSE
	EndGlobalSection
	GlobalSection(ExtensibilityGlobals) = postSolution
		SolutionGuid = {67968992-BB77-4D4F-9A8B-AF1C3311828D}
	EndGlobalSection
EndGlobal
